
Microsoft Visual Studio Solution File, Format Version 12.00
# Visual Studio 14
VisualStudioVersion = 14.0.25420.1
MinimumVisualStudioVersion = 10.0.40219.1
Project("{FAE04EC0-301F-11D3-BF4B-00C04F79EFBC}") = "HeadphoneApp", "HeadphoneApp\HeadphoneApp\HeadphoneApp.csproj", "{992BD25F-617D-4B1B-95CC-C14D80EBEEAE}"
EndProject
Project("{FAE04EC0-301F-11D3-BF4B-00C04F79EFBC}") = "HeadphoneApp.Droid", "HeadphoneApp\HeadphoneApp.Droid\HeadphoneApp.Droid.csproj", "{BAE8FAF0-623F-4D33-BB5F-6F060A736CD8}"
EndProject
Project("{FAE04EC0-301F-11D3-BF4B-00C04F79EFBC}") = "HeadphoneApp.iOS", "HeadphoneApp\HeadphoneApp.iOS\HeadphoneApp.iOS.csproj", "{D2C0B3EC-FD9A-45BB-8258-FC216FEBFBF4}"
EndProject
Project("{FAE04EC0-301F-11D3-BF4B-00C04F79EFBC}") = "HeadphoneApp.WinPhone", "HeadphoneApp\HeadphoneApp.WinPhone\HeadphoneApp.WinPhone.csproj", "{1EECEA15-A169-4756-BFE5-A1B7B0727274}"
EndProject
Project("{FAE04EC0-301F-11D3-BF4B-00C04F79EFBC}") = "HeadphoneApp.UWP", "HeadphoneApp\HeadphoneApp.UWP\HeadphoneApp.UWP.csproj", "{9CF8D8D8-F114-49B8-AA53-056D7A44EE4B}"
EndProject
Project("{FAE04EC0-301F-11D3-BF4B-00C04F79EFBC}") = "HeadphoneApp.Windows", "HeadphoneApp\HeadphoneApp.Windows\HeadphoneApp.Windows.csproj", "{63A669B0-7AD2-4937-A232-CA82FA314D37}"
EndProject
Global
	GlobalSection(SolutionConfigurationPlatforms) = preSolution
		Ad-Hoc|Any CPU = Ad-Hoc|Any CPU
		Ad-Hoc|ARM = Ad-Hoc|ARM
		Ad-Hoc|iPhone = Ad-Hoc|iPhone
		Ad-Hoc|iPhoneSimulator = Ad-Hoc|iPhoneSimulator
		Ad-Hoc|x64 = Ad-Hoc|x64
		Ad-Hoc|x86 = Ad-Hoc|x86
		AppStore|Any CPU = AppStore|Any CPU
		AppStore|ARM = AppStore|ARM
		AppStore|iPhone = AppStore|iPhone
		AppStore|iPhoneSimulator = AppStore|iPhoneSimulator
		AppStore|x64 = AppStore|x64
		AppStore|x86 = AppStore|x86
		Debug|Any CPU = Debug|Any CPU
		Debug|ARM = Debug|ARM
		Debug|iPhone = Debug|iPhone
		Debug|iPhoneSimulator = Debug|iPhoneSimulator
		Debug|x64 = Debug|x64
		Debug|x86 = Debug|x86
		Release|Any CPU = Release|Any CPU
		Release|ARM = Release|ARM
		Release|iPhone = Release|iPhone
		Release|iPhoneSimulator = Release|iPhoneSimulator
		Release|x64 = Release|x64
		Release|x86 = Release|x86
	EndGlobalSection
	GlobalSection(ProjectConfigurationPlatforms) = postSolution
		{992BD25F-617D-4B1B-95CC-C14D80EBEEAE}.Ad-Hoc|Any CPU.ActiveCfg = Release|Any CPU
		{992BD25F-617D-4B1B-95CC-C14D80EBEEAE}.Ad-Hoc|Any CPU.Build.0 = Release|Any CPU
		{992BD25F-617D-4B1B-95CC-C14D80EBEEAE}.Ad-Hoc|ARM.ActiveCfg = Release|Any CPU
		{992BD25F-617D-4B1B-95CC-C14D80EBEEAE}.Ad-Hoc|ARM.Build.0 = Release|Any CPU
		{992BD25F-617D-4B1B-95CC-C14D80EBEEAE}.Ad-Hoc|iPhone.ActiveCfg = Release|Any CPU
		{992BD25F-617D-4B1B-95CC-C14D80EBEEAE}.Ad-Hoc|iPhone.Build.0 = Release|Any CPU
		{992BD25F-617D-4B1B-95CC-C14D80EBEEAE}.Ad-Hoc|iPhoneSimulator.ActiveCfg = Release|Any CPU
		{992BD25F-617D-4B1B-95CC-C14D80EBEEAE}.Ad-Hoc|iPhoneSimulator.Build.0 = Release|Any CPU
		{992BD25F-617D-4B1B-95CC-C14D80EBEEAE}.Ad-Hoc|x64.ActiveCfg = Release|Any CPU
		{992BD25F-617D-4B1B-95CC-C14D80EBEEAE}.Ad-Hoc|x64.Build.0 = Release|Any CPU
		{992BD25F-617D-4B1B-95CC-C14D80EBEEAE}.Ad-Hoc|x86.ActiveCfg = Release|Any CPU
		{992BD25F-617D-4B1B-95CC-C14D80EBEEAE}.Ad-Hoc|x86.Build.0 = Release|Any CPU
		{992BD25F-617D-4B1B-95CC-C14D80EBEEAE}.AppStore|Any CPU.ActiveCfg = Release|Any CPU
		{992BD25F-617D-4B1B-95CC-C14D80EBEEAE}.AppStore|Any CPU.Build.0 = Release|Any CPU
		{992BD25F-617D-4B1B-95CC-C14D80EBEEAE}.AppStore|ARM.ActiveCfg = Release|Any CPU
		{992BD25F-617D-4B1B-95CC-C14D80EBEEAE}.AppStore|ARM.Build.0 = Release|Any CPU
		{992BD25F-617D-4B1B-95CC-C14D80EBEEAE}.AppStore|iPhone.ActiveCfg = Release|Any CPU
		{992BD25F-617D-4B1B-95CC-C14D80EBEEAE}.AppStore|iPhone.Build.0 = Release|Any CPU
		{992BD25F-617D-4B1B-95CC-C14D80EBEEAE}.AppStore|iPhoneSimulator.ActiveCfg = Release|Any CPU
		{992BD25F-617D-4B1B-95CC-C14D80EBEEAE}.AppStore|iPhoneSimulator.Build.0 = Release|Any CPU
		{992BD25F-617D-4B1B-95CC-C14D80EBEEAE}.AppStore|x64.ActiveCfg = Release|Any CPU
		{992BD25F-617D-4B1B-95CC-C14D80EBEEAE}.AppStore|x64.Build.0 = Release|Any CPU
		{992BD25F-617D-4B1B-95CC-C14D80EBEEAE}.AppStore|x86.ActiveCfg = Release|Any CPU
		{992BD25F-617D-4B1B-95CC-C14D80EBEEAE}.AppStore|x86.Build.0 = Release|Any CPU
		{992BD25F-617D-4B1B-95CC-C14D80EBEEAE}.Debug|Any CPU.ActiveCfg = Debug|Any CPU
		{992BD25F-617D-4B1B-95CC-C14D80EBEEAE}.Debug|Any CPU.Build.0 = Debug|Any CPU
		{992BD25F-617D-4B1B-95CC-C14D80EBEEAE}.Debug|ARM.ActiveCfg = Debug|Any CPU
		{992BD25F-617D-4B1B-95CC-C14D80EBEEAE}.Debug|ARM.Build.0 = Debug|Any CPU
		{992BD25F-617D-4B1B-95CC-C14D80EBEEAE}.Debug|iPhone.ActiveCfg = Debug|Any CPU
		{992BD25F-617D-4B1B-95CC-C14D80EBEEAE}.Debug|iPhone.Build.0 = Debug|Any CPU
		{992BD25F-617D-4B1B-95CC-C14D80EBEEAE}.Debug|iPhoneSimulator.ActiveCfg = Debug|Any CPU
		{992BD25F-617D-4B1B-95CC-C14D80EBEEAE}.Debug|iPhoneSimulator.Build.0 = Debug|Any CPU
		{992BD25F-617D-4B1B-95CC-C14D80EBEEAE}.Debug|x64.ActiveCfg = Debug|Any CPU
		{992BD25F-617D-4B1B-95CC-C14D80EBEEAE}.Debug|x64.Build.0 = Debug|Any CPU
		{992BD25F-617D-4B1B-95CC-C14D80EBEEAE}.Debug|x86.ActiveCfg = Debug|Any CPU
		{992BD25F-617D-4B1B-95CC-C14D80EBEEAE}.Debug|x86.Build.0 = Debug|Any CPU
		{992BD25F-617D-4B1B-95CC-C14D80EBEEAE}.Release|Any CPU.ActiveCfg = Release|Any CPU
		{992BD25F-617D-4B1B-95CC-C14D80EBEEAE}.Release|Any CPU.Build.0 = Release|Any CPU
		{992BD25F-617D-4B1B-95CC-C14D80EBEEAE}.Release|ARM.ActiveCfg = Release|Any CPU
		{992BD25F-617D-4B1B-95CC-C14D80EBEEAE}.Release|ARM.Build.0 = Release|Any CPU
		{992BD25F-617D-4B1B-95CC-C14D80EBEEAE}.Release|iPhone.ActiveCfg = Release|Any CPU
		{992BD25F-617D-4B1B-95CC-C14D80EBEEAE}.Release|iPhone.Build.0 = Release|Any CPU
		{992BD25F-617D-4B1B-95CC-C14D80EBEEAE}.Release|iPhoneSimulator.ActiveCfg = Release|Any CPU
		{992BD25F-617D-4B1B-95CC-C14D80EBEEAE}.Release|iPhoneSimulator.Build.0 = Release|Any CPU
		{992BD25F-617D-4B1B-95CC-C14D80EBEEAE}.Release|x64.ActiveCfg = Release|Any CPU
		{992BD25F-617D-4B1B-95CC-C14D80EBEEAE}.Release|x64.Build.0 = Release|Any CPU
		{992BD25F-617D-4B1B-95CC-C14D80EBEEAE}.Release|x86.ActiveCfg = Release|Any CPU
		{992BD25F-617D-4B1B-95CC-C14D80EBEEAE}.Release|x86.Build.0 = Release|Any CPU
		{BAE8FAF0-623F-4D33-BB5F-6F060A736CD8}.Ad-Hoc|Any CPU.ActiveCfg = Release|Any CPU
		{BAE8FAF0-623F-4D33-BB5F-6F060A736CD8}.Ad-Hoc|Any CPU.Build.0 = Release|Any CPU
		{BAE8FAF0-623F-4D33-BB5F-6F060A736CD8}.Ad-Hoc|Any CPU.Deploy.0 = Release|Any CPU
		{BAE8FAF0-623F-4D33-BB5F-6F060A736CD8}.Ad-Hoc|ARM.ActiveCfg = Release|Any CPU
		{BAE8FAF0-623F-4D33-BB5F-6F060A736CD8}.Ad-Hoc|ARM.Build.0 = Release|Any CPU
		{BAE8FAF0-623F-4D33-BB5F-6F060A736CD8}.Ad-Hoc|ARM.Deploy.0 = Release|Any CPU
		{BAE8FAF0-623F-4D33-BB5F-6F060A736CD8}.Ad-Hoc|iPhone.ActiveCfg = Release|Any CPU
		{BAE8FAF0-623F-4D33-BB5F-6F060A736CD8}.Ad-Hoc|iPhone.Build.0 = Release|Any CPU
		{BAE8FAF0-623F-4D33-BB5F-6F060A736CD8}.Ad-Hoc|iPhone.Deploy.0 = Release|Any CPU
		{BAE8FAF0-623F-4D33-BB5F-6F060A736CD8}.Ad-Hoc|iPhoneSimulator.ActiveCfg = Release|Any CPU
		{BAE8FAF0-623F-4D33-BB5F-6F060A736CD8}.Ad-Hoc|iPhoneSimulator.Build.0 = Release|Any CPU
		{BAE8FAF0-623F-4D33-BB5F-6F060A736CD8}.Ad-Hoc|iPhoneSimulator.Deploy.0 = Release|Any CPU
		{BAE8FAF0-623F-4D33-BB5F-6F060A736CD8}.Ad-Hoc|x64.ActiveCfg = Release|Any CPU
		{BAE8FAF0-623F-4D33-BB5F-6F060A736CD8}.Ad-Hoc|x64.Build.0 = Release|Any CPU
		{BAE8FAF0-623F-4D33-BB5F-6F060A736CD8}.Ad-Hoc|x64.Deploy.0 = Release|Any CPU
		{BAE8FAF0-623F-4D33-BB5F-6F060A736CD8}.Ad-Hoc|x86.ActiveCfg = Release|Any CPU
		{BAE8FAF0-623F-4D33-BB5F-6F060A736CD8}.Ad-Hoc|x86.Build.0 = Release|Any CPU
		{BAE8FAF0-623F-4D33-BB5F-6F060A736CD8}.Ad-Hoc|x86.Deploy.0 = Release|Any CPU
		{BAE8FAF0-623F-4D33-BB5F-6F060A736CD8}.AppStore|Any CPU.ActiveCfg = Release|Any CPU
		{BAE8FAF0-623F-4D33-BB5F-6F060A736CD8}.AppStore|Any CPU.Build.0 = Release|Any CPU
		{BAE8FAF0-623F-4D33-BB5F-6F060A736CD8}.AppStore|Any CPU.Deploy.0 = Release|Any CPU
		{BAE8FAF0-623F-4D33-BB5F-6F060A736CD8}.AppStore|ARM.ActiveCfg = Release|Any CPU
		{BAE8FAF0-623F-4D33-BB5F-6F060A736CD8}.AppStore|ARM.Build.0 = Release|Any CPU
		{BAE8FAF0-623F-4D33-BB5F-6F060A736CD8}.AppStore|ARM.Deploy.0 = Release|Any CPU
		{BAE8FAF0-623F-4D33-BB5F-6F060A736CD8}.AppStore|iPhone.ActiveCfg = Release|Any CPU
		{BAE8FAF0-623F-4D33-BB5F-6F060A736CD8}.AppStore|iPhone.Build.0 = Release|Any CPU
		{BAE8FAF0-623F-4D33-BB5F-6F060A736CD8}.AppStore|iPhone.Deploy.0 = Release|Any CPU
		{BAE8FAF0-623F-4D33-BB5F-6F060A736CD8}.AppStore|iPhoneSimulator.ActiveCfg = Release|Any CPU
		{BAE8FAF0-623F-4D33-BB5F-6F060A736CD8}.AppStore|iPhoneSimulator.Build.0 = Release|Any CPU
		{BAE8FAF0-623F-4D33-BB5F-6F060A736CD8}.AppStore|iPhoneSimulator.Deploy.0 = Release|Any CPU
		{BAE8FAF0-623F-4D33-BB5F-6F060A736CD8}.AppStore|x64.ActiveCfg = Release|Any CPU
		{BAE8FAF0-623F-4D33-BB5F-6F060A736CD8}.AppStore|x64.Build.0 = Release|Any CPU
		{BAE8FAF0-623F-4D33-BB5F-6F060A736CD8}.AppStore|x64.Deploy.0 = Release|Any CPU
		{BAE8FAF0-623F-4D33-BB5F-6F060A736CD8}.AppStore|x86.ActiveCfg = Release|Any CPU
		{BAE8FAF0-623F-4D33-BB5F-6F060A736CD8}.AppStore|x86.Build.0 = Release|Any CPU
		{BAE8FAF0-623F-4D33-BB5F-6F060A736CD8}.AppStore|x86.Deploy.0 = Release|Any CPU
		{BAE8FAF0-623F-4D33-BB5F-6F060A736CD8}.Debug|Any CPU.ActiveCfg = Debug|Any CPU
		{BAE8FAF0-623F-4D33-BB5F-6F060A736CD8}.Debug|Any CPU.Build.0 = Debug|Any CPU
		{BAE8FAF0-623F-4D33-BB5F-6F060A736CD8}.Debug|Any CPU.Deploy.0 = Debug|Any CPU
		{BAE8FAF0-623F-4D33-BB5F-6F060A736CD8}.Debug|ARM.ActiveCfg = Debug|Any CPU
		{BAE8FAF0-623F-4D33-BB5F-6F060A736CD8}.Debug|ARM.Build.0 = Debug|Any CPU
		{BAE8FAF0-623F-4D33-BB5F-6F060A736CD8}.Debug|ARM.Deploy.0 = Debug|Any CPU
		{BAE8FAF0-623F-4D33-BB5F-6F060A736CD8}.Debug|iPhone.ActiveCfg = Debug|Any CPU
		{BAE8FAF0-623F-4D33-BB5F-6F060A736CD8}.Debug|iPhone.Build.0 = Debug|Any CPU
		{BAE8FAF0-623F-4D33-BB5F-6F060A736CD8}.Debug|iPhone.Deploy.0 = Debug|Any CPU
		{BAE8FAF0-623F-4D33-BB5F-6F060A736CD8}.Debug|iPhoneSimulator.ActiveCfg = Debug|Any CPU
		{BAE8FAF0-623F-4D33-BB5F-6F060A736CD8}.Debug|iPhoneSimulator.Build.0 = Debug|Any CPU
		{BAE8FAF0-623F-4D33-BB5F-6F060A736CD8}.Debug|iPhoneSimulator.Deploy.0 = Debug|Any CPU
		{BAE8FAF0-623F-4D33-BB5F-6F060A736CD8}.Debug|x64.ActiveCfg = Debug|Any CPU
		{BAE8FAF0-623F-4D33-BB5F-6F060A736CD8}.Debug|x64.Build.0 = Debug|Any CPU
		{BAE8FAF0-623F-4D33-BB5F-6F060A736CD8}.Debug|x64.Deploy.0 = Debug|Any CPU
		{BAE8FAF0-623F-4D33-BB5F-6F060A736CD8}.Debug|x86.ActiveCfg = Debug|Any CPU
		{BAE8FAF0-623F-4D33-BB5F-6F060A736CD8}.Debug|x86.Build.0 = Debug|Any CPU
		{BAE8FAF0-623F-4D33-BB5F-6F060A736CD8}.Debug|x86.Deploy.0 = Debug|Any CPU
		{BAE8FAF0-623F-4D33-BB5F-6F060A736CD8}.Release|Any CPU.ActiveCfg = Release|Any CPU
		{BAE8FAF0-623F-4D33-BB5F-6F060A736CD8}.Release|Any CPU.Build.0 = Release|Any CPU
		{BAE8FAF0-623F-4D33-BB5F-6F060A736CD8}.Release|Any CPU.Deploy.0 = Release|Any CPU
		{BAE8FAF0-623F-4D33-BB5F-6F060A736CD8}.Release|ARM.ActiveCfg = Release|Any CPU
		{BAE8FAF0-623F-4D33-BB5F-6F060A736CD8}.Release|ARM.Build.0 = Release|Any CPU
		{BAE8FAF0-623F-4D33-BB5F-6F060A736CD8}.Release|ARM.Deploy.0 = Release|Any CPU
		{BAE8FAF0-623F-4D33-BB5F-6F060A736CD8}.Release|iPhone.ActiveCfg = Release|Any CPU
		{BAE8FAF0-623F-4D33-BB5F-6F060A736CD8}.Release|iPhone.Build.0 = Release|Any CPU
		{BAE8FAF0-623F-4D33-BB5F-6F060A736CD8}.Release|iPhone.Deploy.0 = Release|Any CPU
		{BAE8FAF0-623F-4D33-BB5F-6F060A736CD8}.Release|iPhoneSimulator.ActiveCfg = Release|Any CPU
		{BAE8FAF0-623F-4D33-BB5F-6F060A736CD8}.Release|iPhoneSimulator.Build.0 = Release|Any CPU
		{BAE8FAF0-623F-4D33-BB5F-6F060A736CD8}.Release|iPhoneSimulator.Deploy.0 = Release|Any CPU
		{BAE8FAF0-623F-4D33-BB5F-6F060A736CD8}.Release|x64.ActiveCfg = Release|Any CPU
		{BAE8FAF0-623F-4D33-BB5F-6F060A736CD8}.Release|x64.Build.0 = Release|Any CPU
		{BAE8FAF0-623F-4D33-BB5F-6F060A736CD8}.Release|x64.Deploy.0 = Release|Any CPU
		{BAE8FAF0-623F-4D33-BB5F-6F060A736CD8}.Release|x86.ActiveCfg = Release|Any CPU
		{BAE8FAF0-623F-4D33-BB5F-6F060A736CD8}.Release|x86.Build.0 = Release|Any CPU
		{BAE8FAF0-623F-4D33-BB5F-6F060A736CD8}.Release|x86.Deploy.0 = Release|Any CPU
		{D2C0B3EC-FD9A-45BB-8258-FC216FEBFBF4}.Ad-Hoc|Any CPU.ActiveCfg = Ad-Hoc|iPhone
		{D2C0B3EC-FD9A-45BB-8258-FC216FEBFBF4}.Ad-Hoc|ARM.ActiveCfg = Ad-Hoc|iPhone
		{D2C0B3EC-FD9A-45BB-8258-FC216FEBFBF4}.Ad-Hoc|iPhone.ActiveCfg = Ad-Hoc|iPhone
		{D2C0B3EC-FD9A-45BB-8258-FC216FEBFBF4}.Ad-Hoc|iPhone.Build.0 = Ad-Hoc|iPhone
		{D2C0B3EC-FD9A-45BB-8258-FC216FEBFBF4}.Ad-Hoc|iPhoneSimulator.ActiveCfg = Ad-Hoc|iPhoneSimulator
		{D2C0B3EC-FD9A-45BB-8258-FC216FEBFBF4}.Ad-Hoc|iPhoneSimulator.Build.0 = Ad-Hoc|iPhoneSimulator
		{D2C0B3EC-FD9A-45BB-8258-FC216FEBFBF4}.Ad-Hoc|x64.ActiveCfg = Ad-Hoc|iPhone
		{D2C0B3EC-FD9A-45BB-8258-FC216FEBFBF4}.Ad-Hoc|x86.ActiveCfg = Ad-Hoc|iPhone
		{D2C0B3EC-FD9A-45BB-8258-FC216FEBFBF4}.AppStore|Any CPU.ActiveCfg = AppStore|iPhone
		{D2C0B3EC-FD9A-45BB-8258-FC216FEBFBF4}.AppStore|ARM.ActiveCfg = AppStore|iPhone
		{D2C0B3EC-FD9A-45BB-8258-FC216FEBFBF4}.AppStore|iPhone.ActiveCfg = AppStore|iPhone
		{D2C0B3EC-FD9A-45BB-8258-FC216FEBFBF4}.AppStore|iPhone.Build.0 = AppStore|iPhone
		{D2C0B3EC-FD9A-45BB-8258-FC216FEBFBF4}.AppStore|iPhoneSimulator.ActiveCfg = AppStore|iPhoneSimulator
		{D2C0B3EC-FD9A-45BB-8258-FC216FEBFBF4}.AppStore|iPhoneSimulator.Build.0 = AppStore|iPhoneSimulator
		{D2C0B3EC-FD9A-45BB-8258-FC216FEBFBF4}.AppStore|x64.ActiveCfg = AppStore|iPhone
		{D2C0B3EC-FD9A-45BB-8258-FC216FEBFBF4}.AppStore|x86.ActiveCfg = AppStore|iPhone
		{D2C0B3EC-FD9A-45BB-8258-FC216FEBFBF4}.Debug|Any CPU.ActiveCfg = Debug|iPhone
		{D2C0B3EC-FD9A-45BB-8258-FC216FEBFBF4}.Debug|ARM.ActiveCfg = Debug|iPhone
		{D2C0B3EC-FD9A-45BB-8258-FC216FEBFBF4}.Debug|iPhone.ActiveCfg = Debug|iPhone
		{D2C0B3EC-FD9A-45BB-8258-FC216FEBFBF4}.Debug|iPhone.Build.0 = Debug|iPhone
		{D2C0B3EC-FD9A-45BB-8258-FC216FEBFBF4}.Debug|iPhoneSimulator.ActiveCfg = Debug|iPhoneSimulator
		{D2C0B3EC-FD9A-45BB-8258-FC216FEBFBF4}.Debug|iPhoneSimulator.Build.0 = Debug|iPhoneSimulator
		{D2C0B3EC-FD9A-45BB-8258-FC216FEBFBF4}.Debug|x64.ActiveCfg = Debug|iPhone
		{D2C0B3EC-FD9A-45BB-8258-FC216FEBFBF4}.Debug|x86.ActiveCfg = Debug|iPhone
		{D2C0B3EC-FD9A-45BB-8258-FC216FEBFBF4}.Release|Any CPU.ActiveCfg = Release|iPhone
		{D2C0B3EC-FD9A-45BB-8258-FC216FEBFBF4}.Release|ARM.ActiveCfg = Release|iPhone
		{D2C0B3EC-FD9A-45BB-8258-FC216FEBFBF4}.Release|iPhone.ActiveCfg = Release|iPhone
		{D2C0B3EC-FD9A-45BB-8258-FC216FEBFBF4}.Release|iPhone.Build.0 = Release|iPhone
		{D2C0B3EC-FD9A-45BB-8258-FC216FEBFBF4}.Release|iPhoneSimulator.ActiveCfg = Release|iPhoneSimulator
		{D2C0B3EC-FD9A-45BB-8258-FC216FEBFBF4}.Release|iPhoneSimulator.Build.0 = Release|iPhoneSimulator
		{D2C0B3EC-FD9A-45BB-8258-FC216FEBFBF4}.Release|x64.ActiveCfg = Release|iPhone
		{D2C0B3EC-FD9A-45BB-8258-FC216FEBFBF4}.Release|x86.ActiveCfg = Release|iPhone
		{1EECEA15-A169-4756-BFE5-A1B7B0727274}.Ad-Hoc|Any CPU.ActiveCfg = Release|Any CPU
		{1EECEA15-A169-4756-BFE5-A1B7B0727274}.Ad-Hoc|Any CPU.Build.0 = Release|Any CPU
		{1EECEA15-A169-4756-BFE5-A1B7B0727274}.Ad-Hoc|Any CPU.Deploy.0 = Release|Any CPU
		{1EECEA15-A169-4756-BFE5-A1B7B0727274}.Ad-Hoc|ARM.ActiveCfg = Release|ARM
		{1EECEA15-A169-4756-BFE5-A1B7B0727274}.Ad-Hoc|ARM.Build.0 = Release|ARM
		{1EECEA15-A169-4756-BFE5-A1B7B0727274}.Ad-Hoc|ARM.Deploy.0 = Release|ARM
		{1EECEA15-A169-4756-BFE5-A1B7B0727274}.Ad-Hoc|iPhone.ActiveCfg = Release|Any CPU
		{1EECEA15-A169-4756-BFE5-A1B7B0727274}.Ad-Hoc|iPhone.Build.0 = Release|Any CPU
		{1EECEA15-A169-4756-BFE5-A1B7B0727274}.Ad-Hoc|iPhone.Deploy.0 = Release|Any CPU
		{1EECEA15-A169-4756-BFE5-A1B7B0727274}.Ad-Hoc|iPhoneSimulator.ActiveCfg = Release|Any CPU
		{1EECEA15-A169-4756-BFE5-A1B7B0727274}.Ad-Hoc|iPhoneSimulator.Build.0 = Release|Any CPU
		{1EECEA15-A169-4756-BFE5-A1B7B0727274}.Ad-Hoc|iPhoneSimulator.Deploy.0 = Release|Any CPU
		{1EECEA15-A169-4756-BFE5-A1B7B0727274}.Ad-Hoc|x64.ActiveCfg = Release|Any CPU
		{1EECEA15-A169-4756-BFE5-A1B7B0727274}.Ad-Hoc|x64.Build.0 = Release|Any CPU
		{1EECEA15-A169-4756-BFE5-A1B7B0727274}.Ad-Hoc|x64.Deploy.0 = Release|Any CPU
		{1EECEA15-A169-4756-BFE5-A1B7B0727274}.Ad-Hoc|x86.ActiveCfg = Release|x86
		{1EECEA15-A169-4756-BFE5-A1B7B0727274}.Ad-Hoc|x86.Build.0 = Release|x86
		{1EECEA15-A169-4756-BFE5-A1B7B0727274}.Ad-Hoc|x86.Deploy.0 = Release|x86
		{1EECEA15-A169-4756-BFE5-A1B7B0727274}.AppStore|Any CPU.ActiveCfg = Release|Any CPU
		{1EECEA15-A169-4756-BFE5-A1B7B0727274}.AppStore|Any CPU.Build.0 = Release|Any CPU
		{1EECEA15-A169-4756-BFE5-A1B7B0727274}.AppStore|Any CPU.Deploy.0 = Release|Any CPU
		{1EECEA15-A169-4756-BFE5-A1B7B0727274}.AppStore|ARM.ActiveCfg = Release|ARM
		{1EECEA15-A169-4756-BFE5-A1B7B0727274}.AppStore|ARM.Build.0 = Release|ARM
		{1EECEA15-A169-4756-BFE5-A1B7B0727274}.AppStore|ARM.Deploy.0 = Release|ARM
		{1EECEA15-A169-4756-BFE5-A1B7B0727274}.AppStore|iPhone.ActiveCfg = Release|Any CPU
		{1EECEA15-A169-4756-BFE5-A1B7B0727274}.AppStore|iPhone.Build.0 = Release|Any CPU
		{1EECEA15-A169-4756-BFE5-A1B7B0727274}.AppStore|iPhone.Deploy.0 = Release|Any CPU
		{1EECEA15-A169-4756-BFE5-A1B7B0727274}.AppStore|iPhoneSimulator.ActiveCfg = Release|Any CPU
		{1EECEA15-A169-4756-BFE5-A1B7B0727274}.AppStore|iPhoneSimulator.Build.0 = Release|Any CPU
		{1EECEA15-A169-4756-BFE5-A1B7B0727274}.AppStore|iPhoneSimulator.Deploy.0 = Release|Any CPU
		{1EECEA15-A169-4756-BFE5-A1B7B0727274}.AppStore|x64.ActiveCfg = Release|Any CPU
		{1EECEA15-A169-4756-BFE5-A1B7B0727274}.AppStore|x64.Build.0 = Release|Any CPU
		{1EECEA15-A169-4756-BFE5-A1B7B0727274}.AppStore|x64.Deploy.0 = Release|Any CPU
		{1EECEA15-A169-4756-BFE5-A1B7B0727274}.AppStore|x86.ActiveCfg = Release|x86
		{1EECEA15-A169-4756-BFE5-A1B7B0727274}.AppStore|x86.Build.0 = Release|x86
		{1EECEA15-A169-4756-BFE5-A1B7B0727274}.AppStore|x86.Deploy.0 = Release|x86
		{1EECEA15-A169-4756-BFE5-A1B7B0727274}.Debug|Any CPU.ActiveCfg = Debug|Any CPU
		{1EECEA15-A169-4756-BFE5-A1B7B0727274}.Debug|Any CPU.Build.0 = Debug|Any CPU
		{1EECEA15-A169-4756-BFE5-A1B7B0727274}.Debug|Any CPU.Deploy.0 = Debug|Any CPU
		{1EECEA15-A169-4756-BFE5-A1B7B0727274}.Debug|ARM.ActiveCfg = Debug|ARM
		{1EECEA15-A169-4756-BFE5-A1B7B0727274}.Debug|ARM.Build.0 = Debug|ARM
		{1EECEA15-A169-4756-BFE5-A1B7B0727274}.Debug|ARM.Deploy.0 = Debug|ARM
		{1EECEA15-A169-4756-BFE5-A1B7B0727274}.Debug|iPhone.ActiveCfg = Debug|Any CPU
		{1EECEA15-A169-4756-BFE5-A1B7B0727274}.Debug|iPhone.Build.0 = Debug|Any CPU
		{1EECEA15-A169-4756-BFE5-A1B7B0727274}.Debug|iPhone.Deploy.0 = Debug|Any CPU
		{1EECEA15-A169-4756-BFE5-A1B7B0727274}.Debug|iPhoneSimulator.ActiveCfg = Debug|Any CPU
		{1EECEA15-A169-4756-BFE5-A1B7B0727274}.Debug|iPhoneSimulator.Build.0 = Debug|Any CPU
		{1EECEA15-A169-4756-BFE5-A1B7B0727274}.Debug|iPhoneSimulator.Deploy.0 = Debug|Any CPU
		{1EECEA15-A169-4756-BFE5-A1B7B0727274}.Debug|x64.ActiveCfg = Debug|Any CPU
		{1EECEA15-A169-4756-BFE5-A1B7B0727274}.Debug|x64.Build.0 = Debug|Any CPU
		{1EECEA15-A169-4756-BFE5-A1B7B0727274}.Debug|x64.Deploy.0 = Debug|Any CPU
		{1EECEA15-A169-4756-BFE5-A1B7B0727274}.Debug|x86.ActiveCfg = Debug|x86
		{1EECEA15-A169-4756-BFE5-A1B7B0727274}.Debug|x86.Build.0 = Debug|x86
		{1EECEA15-A169-4756-BFE5-A1B7B0727274}.Debug|x86.Deploy.0 = Debug|x86
		{1EECEA15-A169-4756-BFE5-A1B7B0727274}.Release|Any CPU.ActiveCfg = Release|Any CPU
		{1EECEA15-A169-4756-BFE5-A1B7B0727274}.Release|Any CPU.Build.0 = Release|Any CPU
		{1EECEA15-A169-4756-BFE5-A1B7B0727274}.Release|Any CPU.Deploy.0 = Release|Any CPU
		{1EECEA15-A169-4756-BFE5-A1B7B0727274}.Release|ARM.ActiveCfg = Release|ARM
		{1EECEA15-A169-4756-BFE5-A1B7B0727274}.Release|ARM.Build.0 = Release|ARM
		{1EECEA15-A169-4756-BFE5-A1B7B0727274}.Release|ARM.Deploy.0 = Release|ARM
		{1EECEA15-A169-4756-BFE5-A1B7B0727274}.Release|iPhone.ActiveCfg = Release|Any CPU
		{1EECEA15-A169-4756-BFE5-A1B7B0727274}.Release|iPhone.Build.0 = Release|Any CPU
		{1EECEA15-A169-4756-BFE5-A1B7B0727274}.Release|iPhone.Deploy.0 = Release|Any CPU
		{1EECEA15-A169-4756-BFE5-A1B7B0727274}.Release|iPhoneSimulator.ActiveCfg = Release|Any CPU
		{1EECEA15-A169-4756-BFE5-A1B7B0727274}.Release|iPhoneSimulator.Build.0 = Release|Any CPU
		{1EECEA15-A169-4756-BFE5-A1B7B0727274}.Release|iPhoneSimulator.Deploy.0 = Release|Any CPU
		{1EECEA15-A169-4756-BFE5-A1B7B0727274}.Release|x64.ActiveCfg = Release|Any CPU
		{1EECEA15-A169-4756-BFE5-A1B7B0727274}.Release|x64.Build.0 = Release|Any CPU
		{1EECEA15-A169-4756-BFE5-A1B7B0727274}.Release|x64.Deploy.0 = Release|Any CPU
		{1EECEA15-A169-4756-BFE5-A1B7B0727274}.Release|x86.ActiveCfg = Release|x86
		{1EECEA15-A169-4756-BFE5-A1B7B0727274}.Release|x86.Build.0 = Release|x86
		{1EECEA15-A169-4756-BFE5-A1B7B0727274}.Release|x86.Deploy.0 = Release|x86
		{9CF8D8D8-F114-49B8-AA53-056D7A44EE4B}.Ad-Hoc|Any CPU.ActiveCfg = Release|x86
		{9CF8D8D8-F114-49B8-AA53-056D7A44EE4B}.Ad-Hoc|Any CPU.Build.0 = Release|x86
		{9CF8D8D8-F114-49B8-AA53-056D7A44EE4B}.Ad-Hoc|Any CPU.Deploy.0 = Release|x86
		{9CF8D8D8-F114-49B8-AA53-056D7A44EE4B}.Ad-Hoc|ARM.ActiveCfg = Release|ARM
		{9CF8D8D8-F114-49B8-AA53-056D7A44EE4B}.Ad-Hoc|ARM.Build.0 = Release|ARM
		{9CF8D8D8-F114-49B8-AA53-056D7A44EE4B}.Ad-Hoc|ARM.Deploy.0 = Release|ARM
		{9CF8D8D8-F114-49B8-AA53-056D7A44EE4B}.Ad-Hoc|iPhone.ActiveCfg = Release|x86
		{9CF8D8D8-F114-49B8-AA53-056D7A44EE4B}.Ad-Hoc|iPhone.Build.0 = Release|x86
		{9CF8D8D8-F114-49B8-AA53-056D7A44EE4B}.Ad-Hoc|iPhone.Deploy.0 = Release|x86
		{9CF8D8D8-F114-49B8-AA53-056D7A44EE4B}.Ad-Hoc|iPhoneSimulator.ActiveCfg = Release|x86
		{9CF8D8D8-F114-49B8-AA53-056D7A44EE4B}.Ad-Hoc|iPhoneSimulator.Build.0 = Release|x86
		{9CF8D8D8-F114-49B8-AA53-056D7A44EE4B}.Ad-Hoc|iPhoneSimulator.Deploy.0 = Release|x86
		{9CF8D8D8-F114-49B8-AA53-056D7A44EE4B}.Ad-Hoc|x64.ActiveCfg = Release|x64
		{9CF8D8D8-F114-49B8-AA53-056D7A44EE4B}.Ad-Hoc|x64.Build.0 = Release|x64
		{9CF8D8D8-F114-49B8-AA53-056D7A44EE4B}.Ad-Hoc|x64.Deploy.0 = Release|x64
		{9CF8D8D8-F114-49B8-AA53-056D7A44EE4B}.Ad-Hoc|x86.ActiveCfg = Release|x86
		{9CF8D8D8-F114-49B8-AA53-056D7A44EE4B}.Ad-Hoc|x86.Build.0 = Release|x86
		{9CF8D8D8-F114-49B8-AA53-056D7A44EE4B}.Ad-Hoc|x86.Deploy.0 = Release|x86
		{9CF8D8D8-F114-49B8-AA53-056D7A44EE4B}.AppStore|Any CPU.ActiveCfg = Release|x86
		{9CF8D8D8-F114-49B8-AA53-056D7A44EE4B}.AppStore|Any CPU.Build.0 = Release|x86
		{9CF8D8D8-F114-49B8-AA53-056D7A44EE4B}.AppStore|Any CPU.Deploy.0 = Release|x86
		{9CF8D8D8-F114-49B8-AA53-056D7A44EE4B}.AppStore|ARM.ActiveCfg = Release|ARM
		{9CF8D8D8-F114-49B8-AA53-056D7A44EE4B}.AppStore|ARM.Build.0 = Release|ARM
		{9CF8D8D8-F114-49B8-AA53-056D7A44EE4B}.AppStore|ARM.Deploy.0 = Release|ARM
		{9CF8D8D8-F114-49B8-AA53-056D7A44EE4B}.AppStore|iPhone.ActiveCfg = Release|x86
		{9CF8D8D8-F114-49B8-AA53-056D7A44EE4B}.AppStore|iPhone.Build.0 = Release|x86
		{9CF8D8D8-F114-49B8-AA53-056D7A44EE4B}.AppStore|iPhone.Deploy.0 = Release|x86
		{9CF8D8D8-F114-49B8-AA53-056D7A44EE4B}.AppStore|iPhoneSimulator.ActiveCfg = Release|x86
		{9CF8D8D8-F114-49B8-AA53-056D7A44EE4B}.AppStore|iPhoneSimulator.Build.0 = Release|x86
		{9CF8D8D8-F114-49B8-AA53-056D7A44EE4B}.AppStore|iPhoneSimulator.Deploy.0 = Release|x86
		{9CF8D8D8-F114-49B8-AA53-056D7A44EE4B}.AppStore|x64.ActiveCfg = Release|x64
		{9CF8D8D8-F114-49B8-AA53-056D7A44EE4B}.AppStore|x64.Build.0 = Release|x64
		{9CF8D8D8-F114-49B8-AA53-056D7A44EE4B}.AppStore|x64.Deploy.0 = Release|x64
		{9CF8D8D8-F114-49B8-AA53-056D7A44EE4B}.AppStore|x86.ActiveCfg = Release|x86
		{9CF8D8D8-F114-49B8-AA53-056D7A44EE4B}.AppStore|x86.Build.0 = Release|x86
		{9CF8D8D8-F114-49B8-AA53-056D7A44EE4B}.AppStore|x86.Deploy.0 = Release|x86
		{9CF8D8D8-F114-49B8-AA53-056D7A44EE4B}.Debug|Any CPU.ActiveCfg = Debug|x86
		{9CF8D8D8-F114-49B8-AA53-056D7A44EE4B}.Debug|ARM.ActiveCfg = Debug|ARM
		{9CF8D8D8-F114-49B8-AA53-056D7A44EE4B}.Debug|ARM.Build.0 = Debug|ARM
		{9CF8D8D8-F114-49B8-AA53-056D7A44EE4B}.Debug|ARM.Deploy.0 = Debug|ARM
		{9CF8D8D8-F114-49B8-AA53-056D7A44EE4B}.Debug|iPhone.ActiveCfg = Debug|x86
		{9CF8D8D8-F114-49B8-AA53-056D7A44EE4B}.Debug|iPhoneSimulator.ActiveCfg = Debug|x86
		{9CF8D8D8-F114-49B8-AA53-056D7A44EE4B}.Debug|x64.ActiveCfg = Debug|x64
		{9CF8D8D8-F114-49B8-AA53-056D7A44EE4B}.Debug|x64.Build.0 = Debug|x64
		{9CF8D8D8-F114-49B8-AA53-056D7A44EE4B}.Debug|x64.Deploy.0 = Debug|x64
		{9CF8D8D8-F114-49B8-AA53-056D7A44EE4B}.Debug|x86.ActiveCfg = Debug|x86
		{9CF8D8D8-F114-49B8-AA53-056D7A44EE4B}.Debug|x86.Build.0 = Debug|x86
		{9CF8D8D8-F114-49B8-AA53-056D7A44EE4B}.Debug|x86.Deploy.0 = Debug|x86
		{9CF8D8D8-F114-49B8-AA53-056D7A44EE4B}.Release|Any CPU.ActiveCfg = Release|x86
		{9CF8D8D8-F114-49B8-AA53-056D7A44EE4B}.Release|ARM.ActiveCfg = Release|ARM
		{9CF8D8D8-F114-49B8-AA53-056D7A44EE4B}.Release|ARM.Build.0 = Release|ARM
		{9CF8D8D8-F114-49B8-AA53-056D7A44EE4B}.Release|ARM.Deploy.0 = Release|ARM
		{9CF8D8D8-F114-49B8-AA53-056D7A44EE4B}.Release|iPhone.ActiveCfg = Release|x86
		{9CF8D8D8-F114-49B8-AA53-056D7A44EE4B}.Release|iPhoneSimulator.ActiveCfg = Release|x86
		{9CF8D8D8-F114-49B8-AA53-056D7A44EE4B}.Release|x64.ActiveCfg = Release|x64
		{9CF8D8D8-F114-49B8-AA53-056D7A44EE4B}.Release|x64.Build.0 = Release|x64
		{9CF8D8D8-F114-49B8-AA53-056D7A44EE4B}.Release|x64.Deploy.0 = Release|x64
		{9CF8D8D8-F114-49B8-AA53-056D7A44EE4B}.Release|x86.ActiveCfg = Release|x86
		{9CF8D8D8-F114-49B8-AA53-056D7A44EE4B}.Release|x86.Build.0 = Release|x86
		{9CF8D8D8-F114-49B8-AA53-056D7A44EE4B}.Release|x86.Deploy.0 = Release|x86
		{63A669B0-7AD2-4937-A232-CA82FA314D37}.Ad-Hoc|Any CPU.ActiveCfg = Release|Any CPU
		{63A669B0-7AD2-4937-A232-CA82FA314D37}.Ad-Hoc|Any CPU.Build.0 = Release|Any CPU
		{63A669B0-7AD2-4937-A232-CA82FA314D37}.Ad-Hoc|Any CPU.Deploy.0 = Release|Any CPU
		{63A669B0-7AD2-4937-A232-CA82FA314D37}.Ad-Hoc|ARM.ActiveCfg = Release|ARM
		{63A669B0-7AD2-4937-A232-CA82FA314D37}.Ad-Hoc|ARM.Build.0 = Release|ARM
		{63A669B0-7AD2-4937-A232-CA82FA314D37}.Ad-Hoc|ARM.Deploy.0 = Release|ARM
		{63A669B0-7AD2-4937-A232-CA82FA314D37}.Ad-Hoc|iPhone.ActiveCfg = Release|Any CPU
		{63A669B0-7AD2-4937-A232-CA82FA314D37}.Ad-Hoc|iPhone.Build.0 = Release|Any CPU
		{63A669B0-7AD2-4937-A232-CA82FA314D37}.Ad-Hoc|iPhone.Deploy.0 = Release|Any CPU
		{63A669B0-7AD2-4937-A232-CA82FA314D37}.Ad-Hoc|iPhoneSimulator.ActiveCfg = Release|Any CPU
		{63A669B0-7AD2-4937-A232-CA82FA314D37}.Ad-Hoc|iPhoneSimulator.Build.0 = Release|Any CPU
		{63A669B0-7AD2-4937-A232-CA82FA314D37}.Ad-Hoc|iPhoneSimulator.Deploy.0 = Release|Any CPU
		{63A669B0-7AD2-4937-A232-CA82FA314D37}.Ad-Hoc|x64.ActiveCfg = Release|x64
		{63A669B0-7AD2-4937-A232-CA82FA314D37}.Ad-Hoc|x64.Build.0 = Release|x64
		{63A669B0-7AD2-4937-A232-CA82FA314D37}.Ad-Hoc|x64.Deploy.0 = Release|x64
		{63A669B0-7AD2-4937-A232-CA82FA314D37}.Ad-Hoc|x86.ActiveCfg = Release|x86
		{63A669B0-7AD2-4937-A232-CA82FA314D37}.Ad-Hoc|x86.Build.0 = Release|x86
		{63A669B0-7AD2-4937-A232-CA82FA314D37}.Ad-Hoc|x86.Deploy.0 = Release|x86
		{63A669B0-7AD2-4937-A232-CA82FA314D37}.AppStore|Any CPU.ActiveCfg = Release|Any CPU
		{63A669B0-7AD2-4937-A232-CA82FA314D37}.AppStore|Any CPU.Build.0 = Release|Any CPU
		{63A669B0-7AD2-4937-A232-CA82FA314D37}.AppStore|Any CPU.Deploy.0 = Release|Any CPU
		{63A669B0-7AD2-4937-A232-CA82FA314D37}.AppStore|ARM.ActiveCfg = Release|ARM
		{63A669B0-7AD2-4937-A232-CA82FA314D37}.AppStore|ARM.Build.0 = Release|ARM
		{63A669B0-7AD2-4937-A232-CA82FA314D37}.AppStore|ARM.Deploy.0 = Release|ARM
		{63A669B0-7AD2-4937-A232-CA82FA314D37}.AppStore|iPhone.ActiveCfg = Release|Any CPU
		{63A669B0-7AD2-4937-A232-CA82FA314D37}.AppStore|iPhone.Build.0 = Release|Any CPU
		{63A669B0-7AD2-4937-A232-CA82FA314D37}.AppStore|iPhone.Deploy.0 = Release|Any CPU
		{63A669B0-7AD2-4937-A232-CA82FA314D37}.AppStore|iPhoneSimulator.ActiveCfg = Release|Any CPU
		{63A669B0-7AD2-4937-A232-CA82FA314D37}.AppStore|iPhoneSimulator.Build.0 = Release|Any CPU
		{63A669B0-7AD2-4937-A232-CA82FA314D37}.AppStore|iPhoneSimulator.Deploy.0 = Release|Any CPU
		{63A669B0-7AD2-4937-A232-CA82FA314D37}.AppStore|x64.ActiveCfg = Release|x64
		{63A669B0-7AD2-4937-A232-CA82FA314D37}.AppStore|x64.Build.0 = Release|x64
		{63A669B0-7AD2-4937-A232-CA82FA314D37}.AppStore|x64.Deploy.0 = Release|x64
		{63A669B0-7AD2-4937-A232-CA82FA314D37}.AppStore|x86.ActiveCfg = Release|x86
		{63A669B0-7AD2-4937-A232-CA82FA314D37}.AppStore|x86.Build.0 = Release|x86
		{63A669B0-7AD2-4937-A232-CA82FA314D37}.AppStore|x86.Deploy.0 = Release|x86
		{63A669B0-7AD2-4937-A232-CA82FA314D37}.Debug|Any CPU.ActiveCfg = Debug|Any CPU
		{63A669B0-7AD2-4937-A232-CA82FA314D37}.Debug|Any CPU.Build.0 = Debug|Any CPU
		{63A669B0-7AD2-4937-A232-CA82FA314D37}.Debug|Any CPU.Deploy.0 = Debug|Any CPU
		{63A669B0-7AD2-4937-A232-CA82FA314D37}.Debug|ARM.ActiveCfg = Debug|ARM
		{63A669B0-7AD2-4937-A232-CA82FA314D37}.Debug|ARM.Build.0 = Debug|ARM
		{63A669B0-7AD2-4937-A232-CA82FA314D37}.Debug|ARM.Deploy.0 = Debug|ARM
		{63A669B0-7AD2-4937-A232-CA82FA314D37}.Debug|iPhone.ActiveCfg = Debug|Any CPU
		{63A669B0-7AD2-4937-A232-CA82FA314D37}.Debug|iPhone.Build.0 = Debug|Any CPU
		{63A669B0-7AD2-4937-A232-CA82FA314D37}.Debug|iPhone.Deploy.0 = Debug|Any CPU
		{63A669B0-7AD2-4937-A232-CA82FA314D37}.Debug|iPhoneSimulator.ActiveCfg = Debug|Any CPU
		{63A669B0-7AD2-4937-A232-CA82FA314D37}.Debug|iPhoneSimulator.Build.0 = Debug|Any CPU
		{63A669B0-7AD2-4937-A232-CA82FA314D37}.Debug|iPhoneSimulator.Deploy.0 = Debug|Any CPU
		{63A669B0-7AD2-4937-A232-CA82FA314D37}.Debug|x64.ActiveCfg = Debug|x64
		{63A669B0-7AD2-4937-A232-CA82FA314D37}.Debug|x64.Build.0 = Debug|x64
		{63A669B0-7AD2-4937-A232-CA82FA314D37}.Debug|x64.Deploy.0 = Debug|x64
		{63A669B0-7AD2-4937-A232-CA82FA314D37}.Debug|x86.ActiveCfg = Debug|x86
		{63A669B0-7AD2-4937-A232-CA82FA314D37}.Debug|x86.Build.0 = Debug|x86
		{63A669B0-7AD2-4937-A232-CA82FA314D37}.Debug|x86.Deploy.0 = Debug|x86
		{63A669B0-7AD2-4937-A232-CA82FA314D37}.Release|Any CPU.ActiveCfg = Release|Any CPU
		{63A669B0-7AD2-4937-A232-CA82FA314D37}.Release|Any CPU.Build.0 = Release|Any CPU
		{63A669B0-7AD2-4937-A232-CA82FA314D37}.Release|Any CPU.Deploy.0 = Release|Any CPU
		{63A669B0-7AD2-4937-A232-CA82FA314D37}.Release|ARM.ActiveCfg = Release|ARM
		{63A669B0-7AD2-4937-A232-CA82FA314D37}.Release|ARM.Build.0 = Release|ARM
		{63A669B0-7AD2-4937-A232-CA82FA314D37}.Release|ARM.Deploy.0 = Release|ARM
		{63A669B0-7AD2-4937-A232-CA82FA314D37}.Release|iPhone.ActiveCfg = Release|Any CPU
		{63A669B0-7AD2-4937-A232-CA82FA314D37}.Release|iPhone.Build.0 = Release|Any CPU
		{63A669B0-7AD2-4937-A232-CA82FA314D37}.Release|iPhone.Deploy.0 = Release|Any CPU
		{63A669B0-7AD2-4937-A232-CA82FA314D37}.Release|iPhoneSimulator.ActiveCfg = Release|Any CPU
		{63A669B0-7AD2-4937-A232-CA82FA314D37}.Release|iPhoneSimulator.Build.0 = Release|Any CPU
		{63A669B0-7AD2-4937-A232-CA82FA314D37}.Release|iPhoneSimulator.Deploy.0 = Release|Any CPU
		{63A669B0-7AD2-4937-A232-CA82FA314D37}.Release|x64.ActiveCfg = Release|x64
		{63A669B0-7AD2-4937-A232-CA82FA314D37}.Release|x64.Build.0 = Release|x64
		{63A669B0-7AD2-4937-A232-CA82FA314D37}.Release|x64.Deploy.0 = Release|x64
		{63A669B0-7AD2-4937-A232-CA82FA314D37}.Release|x86.ActiveCfg = Release|x86
		{63A669B0-7AD2-4937-A232-CA82FA314D37}.Release|x86.Build.0 = Release|x86
		{63A669B0-7AD2-4937-A232-CA82FA314D37}.Release|x86.Deploy.0 = Release|x86
	EndGlobalSection
	GlobalSection(SolutionProperties) = preSolution
		HideSolutionNode = FALSE
	EndGlobalSection
EndGlobal
